// !$*UTF8*$!
{
	archiveVersion = 1;
	classes = {
	};
	objectVersion = 56;
	objects = {

/* Begin PBXBuildFile section */
		01C787F72BE8E1230071172E /* SwiftUIFurnitureStoreApp.swift in Sources */ = {isa = PBXBuildFile; fileRef = 01C787F62BE8E1230071172E /* SwiftUIFurnitureStoreApp.swift */; };
		01C787F92BE8E1230071172E /* StartPageView.swift in Sources */ = {isa = PBXBuildFile; fileRef = 01C787F82BE8E1230071172E /* StartPageView.swift */; };
		01C787FB2BE8E1250071172E /* Assets.xcassets in Resources */ = {isa = PBXBuildFile; fileRef = 01C787FA2BE8E1250071172E /* Assets.xcassets */; };
		01C787FE2BE8E1250071172E /* Preview Assets.xcassets in Resources */ = {isa = PBXBuildFile; fileRef = 01C787FD2BE8E1250071172E /* Preview Assets.xcassets */; };
		01C7880C2BE8E9640071172E /* Colors.xcassets in Resources */ = {isa = PBXBuildFile; fileRef = 01C7880B2BE8E9640071172E /* Colors.xcassets */; };
		01C788162BE913930071172E /* StoreView.swift in Sources */ = {isa = PBXBuildFile; fileRef = 01C788152BE913930071172E /* StoreView.swift */; };
		01C7881C2BEA0D9E0071172E /* SignInView.swift in Sources */ = {isa = PBXBuildFile; fileRef = 01C7881B2BEA0D9E0071172E /* SignInView.swift */; };
		01C788202BEB65F80071172E /* SignInViewModel.swift in Sources */ = {isa = PBXBuildFile; fileRef = 01C7881F2BEB65F80071172E /* SignInViewModel.swift */; };
		01C788232BEB67020071172E /* View+Extension.swift in Sources */ = {isa = PBXBuildFile; fileRef = 01C788222BEB67020071172E /* View+Extension.swift */; };
		01C788262BEB677D0071172E /* AppConstants.swift in Sources */ = {isa = PBXBuildFile; fileRef = 01C788252BEB677D0071172E /* AppConstants.swift */; };
		01C788282BEB685E0071172E /* GradientView.swift in Sources */ = {isa = PBXBuildFile; fileRef = 01C788272BEB685D0071172E /* GradientView.swift */; };
		01C7882E2BEB69590071172E /* VerificationView.swift in Sources */ = {isa = PBXBuildFile; fileRef = 01C7882D2BEB69590071172E /* VerificationView.swift */; };
		01C788302BEB69940071172E /* FieldFocusNumber.swift in Sources */ = {isa = PBXBuildFile; fileRef = 01C7882F2BEB69940071172E /* FieldFocusNumber.swift */; };
		01C788322BEB69E60071172E /* Modifiers.swift in Sources */ = {isa = PBXBuildFile; fileRef = 01C788312BEB69E60071172E /* Modifiers.swift */; };
		01C788342BEB6D800071172E /* StoreViewModel.swift in Sources */ = {isa = PBXBuildFile; fileRef = 01C788332BEB6D800071172E /* StoreViewModel.swift */; };
		01C788362BEB6E0D0071172E /* Furniture.swift in Sources */ = {isa = PBXBuildFile; fileRef = 01C788352BEB6E0D0071172E /* Furniture.swift */; };
/* End PBXBuildFile section */

/* Begin PBXFileReference section */
		01C787F32BE8E1230071172E /* SwiftUIFurnitureStore.app */ = {isa = PBXFileReference; explicitFileType = wrapper.application; includeInIndex = 0; path = SwiftUIFurnitureStore.app; sourceTree = BUILT_PRODUCTS_DIR; };
		01C787F62BE8E1230071172E /* SwiftUIFurnitureStoreApp.swift */ = {isa = PBXFileReference; lastKnownFileType = sourcecode.swift; path = SwiftUIFurnitureStoreApp.swift; sourceTree = "<group>"; };
		01C787F82BE8E1230071172E /* StartPageView.swift */ = {isa = PBXFileReference; lastKnownFileType = sourcecode.swift; path = StartPageView.swift; sourceTree = "<group>"; };
		01C787FA2BE8E1250071172E /* Assets.xcassets */ = {isa = PBXFileReference; lastKnownFileType = folder.assetcatalog; path = Assets.xcassets; sourceTree = "<group>"; };
		01C787FD2BE8E1250071172E /* Preview Assets.xcassets */ = {isa = PBXFileReference; lastKnownFileType = folder.assetcatalog; path = "Preview Assets.xcassets"; sourceTree = "<group>"; };
		01C7880B2BE8E9640071172E /* Colors.xcassets */ = {isa = PBXFileReference; lastKnownFileType = folder.assetcatalog; path = Colors.xcassets; sourceTree = "<group>"; };
		01C788152BE913930071172E /* StoreView.swift */ = {isa = PBXFileReference; lastKnownFileType = sourcecode.swift; path = StoreView.swift; sourceTree = "<group>"; };
		01C7881B2BEA0D9E0071172E /* SignInView.swift */ = {isa = PBXFileReference; lastKnownFileType = sourcecode.swift; path = SignInView.swift; sourceTree = "<group>"; };
		01C7881F2BEB65F80071172E /* SignInViewModel.swift */ = {isa = PBXFileReference; lastKnownFileType = sourcecode.swift; path = SignInViewModel.swift; sourceTree = "<group>"; };
		01C788222BEB67020071172E /* View+Extension.swift */ = {isa = PBXFileReference; lastKnownFileType = sourcecode.swift; path = "View+Extension.swift"; sourceTree = "<group>"; };
		01C788252BEB677D0071172E /* AppConstants.swift */ = {isa = PBXFileReference; lastKnownFileType = sourcecode.swift; path = AppConstants.swift; sourceTree = "<group>"; };
		01C788272BEB685D0071172E /* GradientView.swift */ = {isa = PBXFileReference; lastKnownFileType = sourcecode.swift; path = GradientView.swift; sourceTree = "<group>"; };
		01C7882D2BEB69590071172E /* VerificationView.swift */ = {isa = PBXFileReference; lastKnownFileType = sourcecode.swift; path = VerificationView.swift; sourceTree = "<group>"; };
		01C7882F2BEB69940071172E /* FieldFocusNumber.swift */ = {isa = PBXFileReference; lastKnownFileType = sourcecode.swift; path = FieldFocusNumber.swift; sourceTree = "<group>"; };
		01C788312BEB69E60071172E /* Modifiers.swift */ = {isa = PBXFileReference; lastKnownFileType = sourcecode.swift; path = Modifiers.swift; sourceTree = "<group>"; };
		01C788332BEB6D800071172E /* StoreViewModel.swift */ = {isa = PBXFileReference; lastKnownFileType = sourcecode.swift; path = StoreViewModel.swift; sourceTree = "<group>"; };
		01C788352BEB6E0D0071172E /* Furniture.swift */ = {isa = PBXFileReference; lastKnownFileType = sourcecode.swift; path = Furniture.swift; sourceTree = "<group>"; };
/* End PBXFileReference section */

/* Begin PBXFrameworksBuildPhase section */
		01C787F02BE8E1230071172E /* Frameworks */ = {
			isa = PBXFrameworksBuildPhase;
			buildActionMask = 2147483647;
			files = (
			);
			runOnlyForDeploymentPostprocessing = 0;
		};
/* End PBXFrameworksBuildPhase section */

/* Begin PBXGroup section */
		01C787EA2BE8E1230071172E = {
			isa = PBXGroup;
			children = (
				01C787F52BE8E1230071172E /* SwiftUIFurnitureStore */,
				01C787F42BE8E1230071172E /* Products */,
			);
			sourceTree = "<group>";
		};
		01C787F42BE8E1230071172E /* Products */ = {
			isa = PBXGroup;
			children = (
				01C787F32BE8E1230071172E /* SwiftUIFurnitureStore.app */,
			);
			name = Products;
			sourceTree = "<group>";
		};
		01C787F52BE8E1230071172E /* SwiftUIFurnitureStore */ = {
			isa = PBXGroup;
			children = (
				01C788042BE8E4950071172E /* Application */,
				01C788062BE8E5F20071172E /* Modules */,
				01C788212BEB66F20071172E /* Extensions */,
				01C788242BEB676A0071172E /* Helpers */,
				01C788052BE8E4AB0071172E /* SupportingFiles */,
				01C787FC2BE8E1250071172E /* Preview Content */,
			);
			path = SwiftUIFurnitureStore;
			sourceTree = "<group>";
		};
		01C787FC2BE8E1250071172E /* Preview Content */ = {
			isa = PBXGroup;
			children = (
				01C787FD2BE8E1250071172E /* Preview Assets.xcassets */,
			);
			path = "Preview Content";
			sourceTree = "<group>";
		};
		01C788042BE8E4950071172E /* Application */ = {
			isa = PBXGroup;
			children = (
				01C787F62BE8E1230071172E /* SwiftUIFurnitureStoreApp.swift */,
			);
			path = Application;
			sourceTree = "<group>";
		};
		01C788052BE8E4AB0071172E /* SupportingFiles */ = {
			isa = PBXGroup;
			children = (
				01C787FA2BE8E1250071172E /* Assets.xcassets */,
				01C7880B2BE8E9640071172E /* Colors.xcassets */,
			);
			path = SupportingFiles;
			sourceTree = "<group>";
		};
		01C788062BE8E5F20071172E /* Modules */ = {
			isa = PBXGroup;
			children = (
				01C788072BE8E6210071172E /* StartPageModule */,
				01C788172BEA0D770071172E /* SignInModule */,
				01C788292BEB68F50071172E /* VerificationModule */,
				01C788112BE913630071172E /* StoreModule */,
			);
			path = Modules;
			sourceTree = "<group>";
		};
		01C788072BE8E6210071172E /* StartPageModule */ = {
			isa = PBXGroup;
			children = (
				01C7880A2BE8E8EC0071172E /* Model */,
				01C788092BE8E8E70071172E /* View */,
				01C788082BE8E8AD0071172E /* ViewModel */,
			);
			path = StartPageModule;
			sourceTree = "<group>";
		};
		01C788082BE8E8AD0071172E /* ViewModel */ = {
			isa = PBXGroup;
			children = (
			);
			path = ViewModel;
			sourceTree = "<group>";
		};
		01C788092BE8E8E70071172E /* View */ = {
			isa = PBXGroup;
			children = (
				01C787F82BE8E1230071172E /* StartPageView.swift */,
			);
			path = View;
			sourceTree = "<group>";
		};
		01C7880A2BE8E8EC0071172E /* Model */ = {
			isa = PBXGroup;
			children = (
			);
			path = Model;
			sourceTree = "<group>";
		};
		01C788112BE913630071172E /* StoreModule */ = {
			isa = PBXGroup;
			children = (
				01C788142BE913810071172E /* Model */,
				01C788132BE9137C0071172E /* View */,
				01C788122BE913750071172E /* ViewModel */,
			);
			path = StoreModule;
			sourceTree = "<group>";
		};
		01C788122BE913750071172E /* ViewModel */ = {
			isa = PBXGroup;
			children = (
				01C788332BEB6D800071172E /* StoreViewModel.swift */,
			);
			path = ViewModel;
			sourceTree = "<group>";
		};
		01C788132BE9137C0071172E /* View */ = {
			isa = PBXGroup;
			children = (
				01C788152BE913930071172E /* StoreView.swift */,
			);
			path = View;
			sourceTree = "<group>";
		};
		01C788142BE913810071172E /* Model */ = {
			isa = PBXGroup;
			children = (
				01C788352BEB6E0D0071172E /* Furniture.swift */,
			);
			path = Model;
			sourceTree = "<group>";
		};
		01C788172BEA0D770071172E /* SignInModule */ = {
			isa = PBXGroup;
			children = (
				01C7881A2BEA0D900071172E /* Model */,
				01C788192BEA0D8B0071172E /* View */,
				01C788182BEA0D850071172E /* ViewModel */,
			);
			path = SignInModule;
			sourceTree = "<group>";
		};
		01C788182BEA0D850071172E /* ViewModel */ = {
			isa = PBXGroup;
			children = (
				01C7881F2BEB65F80071172E /* SignInViewModel.swift */,
			);
			path = ViewModel;
			sourceTree = "<group>";
		};
		01C788192BEA0D8B0071172E /* View */ = {
			isa = PBXGroup;
			children = (
				01C7881B2BEA0D9E0071172E /* SignInView.swift */,
				01C788272BEB685D0071172E /* GradientView.swift */,
			);
			path = View;
			sourceTree = "<group>";
		};
		01C7881A2BEA0D900071172E /* Model */ = {
			isa = PBXGroup;
			children = (
			);
			path = Model;
			sourceTree = "<group>";
		};
		01C788212BEB66F20071172E /* Extensions */ = {
			isa = PBXGroup;
			children = (
				01C788222BEB67020071172E /* View+Extension.swift */,
				01C788312BEB69E60071172E /* Modifiers.swift */,
			);
			path = Extensions;
			sourceTree = "<group>";
		};
		01C788242BEB676A0071172E /* Helpers */ = {
			isa = PBXGroup;
			children = (
				01C788252BEB677D0071172E /* AppConstants.swift */,
			);
			path = Helpers;
			sourceTree = "<group>";
		};
		01C788292BEB68F50071172E /* VerificationModule */ = {
			isa = PBXGroup;
			children = (
				01C7882C2BEB694D0071172E /* Model */,
				01C7882B2BEB69480071172E /* View */,
				01C7882A2BEB69420071172E /* ViewModel */,
			);
			path = VerificationModule;
			sourceTree = "<group>";
		};
		01C7882A2BEB69420071172E /* ViewModel */ = {
			isa = PBXGroup;
			children = (
			);
			path = ViewModel;
			sourceTree = "<group>";
		};
		01C7882B2BEB69480071172E /* View */ = {
			isa = PBXGroup;
			children = (
				01C7882D2BEB69590071172E /* VerificationView.swift */,
			);
			path = View;
			sourceTree = "<group>";
		};
		01C7882C2BEB694D0071172E /* Model */ = {
			isa = PBXGroup;
			children = (
				01C7882F2BEB69940071172E /* FieldFocusNumber.swift */,
			);
			path = Model;
			sourceTree = "<group>";
		};
/* End PBXGroup section */

/* Begin PBXNativeTarget section */
		01C787F22BE8E1230071172E /* SwiftUIFurnitureStore */ = {
			isa = PBXNativeTarget;
			buildConfigurationList = 01C788012BE8E1250071172E /* Build configuration list for PBXNativeTarget "SwiftUIFurnitureStore" */;
			buildPhases = (
				01C787EF2BE8E1230071172E /* Sources */,
				01C787F02BE8E1230071172E /* Frameworks */,
				01C787F12BE8E1230071172E /* Resources */,
			);
			buildRules = (
			);
			dependencies = (
			);
			name = SwiftUIFurnitureStore;
			productName = SwiftUIFurnitureStore;
			productReference = 01C787F32BE8E1230071172E /* SwiftUIFurnitureStore.app */;
			productType = "com.apple.product-type.application";
		};
/* End PBXNativeTarget section */

/* Begin PBXProject section */
		01C787EB2BE8E1230071172E /* Project object */ = {
			isa = PBXProject;
			attributes = {
				BuildIndependentTargetsInParallel = 1;
				LastSwiftUpdateCheck = 1530;
				LastUpgradeCheck = 1530;
				TargetAttributes = {
					01C787F22BE8E1230071172E = {
						CreatedOnToolsVersion = 15.3;
					};
				};
			};
			buildConfigurationList = 01C787EE2BE8E1230071172E /* Build configuration list for PBXProject "SwiftUIFurnitureStore" */;
			compatibilityVersion = "Xcode 14.0";
			developmentRegion = en;
			hasScannedForEncodings = 0;
			knownRegions = (
				en,
				Base,
			);
			mainGroup = 01C787EA2BE8E1230071172E;
			productRefGroup = 01C787F42BE8E1230071172E /* Products */;
			projectDirPath = "";
			projectRoot = "";
			targets = (
				01C787F22BE8E1230071172E /* SwiftUIFurnitureStore */,
			);
		};
/* End PBXProject section */

/* Begin PBXResourcesBuildPhase section */
		01C787F12BE8E1230071172E /* Resources */ = {
			isa = PBXResourcesBuildPhase;
			buildActionMask = 2147483647;
			files = (
				01C7880C2BE8E9640071172E /* Colors.xcassets in Resources */,
				01C787FE2BE8E1250071172E /* Preview Assets.xcassets in Resources */,
				01C787FB2BE8E1250071172E /* Assets.xcassets in Resources */,
			);
			runOnlyForDeploymentPostprocessing = 0;
		};
/* End PBXResourcesBuildPhase section */

/* Begin PBXSourcesBuildPhase section */
		01C787EF2BE8E1230071172E /* Sources */ = {
			isa = PBXSourcesBuildPhase;
			buildActionMask = 2147483647;
			files = (
				01C788362BEB6E0D0071172E /* Furniture.swift in Sources */,
				01C7881C2BEA0D9E0071172E /* SignInView.swift in Sources */,
				01C788322BEB69E60071172E /* Modifiers.swift in Sources */,
				01C787F92BE8E1230071172E /* StartPageView.swift in Sources */,
				01C787F72BE8E1230071172E /* SwiftUIFurnitureStoreApp.swift in Sources */,
				01C788342BEB6D800071172E /* StoreViewModel.swift in Sources */,
				01C788162BE913930071172E /* StoreView.swift in Sources */,
				01C788262BEB677D0071172E /* AppConstants.swift in Sources */,
				01C788232BEB67020071172E /* View+Extension.swift in Sources */,
				01C7882E2BEB69590071172E /* VerificationView.swift in Sources */,
				01C788282BEB685E0071172E /* GradientView.swift in Sources */,
				01C788302BEB69940071172E /* FieldFocusNumber.swift in Sources */,
				01C788202BEB65F80071172E /* SignInViewModel.swift in Sources */,
			);
			runOnlyForDeploymentPostprocessing = 0;
		};
/* End PBXSourcesBuildPhase section */

/* Begin XCBuildConfiguration section */
		01C787FF2BE8E1250071172E /* Debug */ = {
			isa = XCBuildConfiguration;
			buildSettings = {
				ALWAYS_SEARCH_USER_PATHS = NO;
				ASSETCATALOG_COMPILER_GENERATE_SWIFT_ASSET_SYMBOL_EXTENSIONS = YES;
				CLANG_ANALYZER_NONNULL = YES;
				CLANG_ANALYZER_NUMBER_OBJECT_CONVERSION = YES_AGGRESSIVE;
				CLANG_CXX_LANGUAGE_STANDARD = "gnu++20";
				CLANG_ENABLE_MODULES = YES;
				CLANG_ENABLE_OBJC_ARC = YES;
				CLANG_ENABLE_OBJC_WEAK = YES;
				CLANG_WARN_BLOCK_CAPTURE_AUTORELEASING = YES;
				CLANG_WARN_BOOL_CONVERSION = YES;
				CLANG_WARN_COMMA = YES;
				CLANG_WARN_CONSTANT_CONVERSION = YES;
				CLANG_WARN_DEPRECATED_OBJC_IMPLEMENTATIONS = YES;
				CLANG_WARN_DIRECT_OBJC_ISA_USAGE = YES_ERROR;
				CLANG_WARN_DOCUMENTATION_COMMENTS = YES;
				CLANG_WARN_EMPTY_BODY = YES;
				CLANG_WARN_ENUM_CONVERSION = YES;
				CLANG_WARN_INFINITE_RECURSION = YES;
				CLANG_WARN_INT_CONVERSION = YES;
				CLANG_WARN_NON_LITERAL_NULL_CONVERSION = YES;
				CLANG_WARN_OBJC_IMPLICIT_RETAIN_SELF = YES;
				CLANG_WARN_OBJC_LITERAL_CONVERSION = YES;
				CLANG_WARN_OBJC_ROOT_CLASS = YES_ERROR;
				CLANG_WARN_QUOTED_INCLUDE_IN_FRAMEWORK_HEADER = YES;
				CLANG_WARN_RANGE_LOOP_ANALYSIS = YES;
				CLANG_WARN_STRICT_PROTOTYPES = YES;
				CLANG_WARN_SUSPICIOUS_MOVE = YES;
				CLANG_WARN_UNGUARDED_AVAILABILITY = YES_AGGRESSIVE;
				CLANG_WARN_UNREACHABLE_CODE = YES;
				CLANG_WARN__DUPLICATE_METHOD_MATCH = YES;
				COPY_PHASE_STRIP = NO;
				DEBUG_INFORMATION_FORMAT = dwarf;
				ENABLE_STRICT_OBJC_MSGSEND = YES;
				ENABLE_TESTABILITY = YES;
				ENABLE_USER_SCRIPT_SANDBOXING = YES;
				GCC_C_LANGUAGE_STANDARD = gnu17;
				GCC_DYNAMIC_NO_PIC = NO;
				GCC_NO_COMMON_BLOCKS = YES;
				GCC_OPTIMIZATION_LEVEL = 0;
				GCC_PREPROCESSOR_DEFINITIONS = (
					"DEBUG=1",
					"$(inherited)",
				);
				GCC_WARN_64_TO_32_BIT_CONVERSION = YES;
				GCC_WARN_ABOUT_RETURN_TYPE = YES_ERROR;
				GCC_WARN_UNDECLARED_SELECTOR = YES;
				GCC_WARN_UNINITIALIZED_AUTOS = YES_AGGRESSIVE;
				GCC_WARN_UNUSED_FUNCTION = YES;
				GCC_WARN_UNUSED_VARIABLE = YES;
				IPHONEOS_DEPLOYMENT_TARGET = 17.4;
				LOCALIZATION_PREFERS_STRING_CATALOGS = YES;
				MTL_ENABLE_DEBUG_INFO = INCLUDE_SOURCE;
				MTL_FAST_MATH = YES;
				ONLY_ACTIVE_ARCH = YES;
				SDKROOT = iphoneos;
				SWIFT_ACTIVE_COMPILATION_CONDITIONS = "DEBUG $(inherited)";
				SWIFT_OPTIMIZATION_LEVEL = "-Onone";
			};
			name = Debug;
		};
		01C788002BE8E1250071172E /* Release */ = {
			isa = XCBuildConfiguration;
			buildSettings = {
				ALWAYS_SEARCH_USER_PATHS = NO;
				ASSETCATALOG_COMPILER_GENERATE_SWIFT_ASSET_SYMBOL_EXTENSIONS = YES;
				CLANG_ANALYZER_NONNULL = YES;
				CLANG_ANALYZER_NUMBER_OBJECT_CONVERSION = YES_AGGRESSIVE;
				CLANG_CXX_LANGUAGE_STANDARD = "gnu++20";
				CLANG_ENABLE_MODULES = YES;
				CLANG_ENABLE_OBJC_ARC = YES;
				CLANG_ENABLE_OBJC_WEAK = YES;
				CLANG_WARN_BLOCK_CAPTURE_AUTORELEASING = YES;
				CLANG_WARN_BOOL_CONVERSION = YES;
				CLANG_WARN_COMMA = YES;
				CLANG_WARN_CONSTANT_CONVERSION = YES;
				CLANG_WARN_DEPRECATED_OBJC_IMPLEMENTATIONS = YES;
				CLANG_WARN_DIRECT_OBJC_ISA_USAGE = YES_ERROR;
				CLANG_WARN_DOCUMENTATION_COMMENTS = YES;
				CLANG_WARN_EMPTY_BODY = YES;
				CLANG_WARN_ENUM_CONVERSION = YES;
				CLANG_WARN_INFINITE_RECURSION = YES;
				CLANG_WARN_INT_CONVERSION = YES;
				CLANG_WARN_NON_LITERAL_NULL_CONVERSION = YES;
				CLANG_WARN_OBJC_IMPLICIT_RETAIN_SELF = YES;
				CLANG_WARN_OBJC_LITERAL_CONVERSION = YES;
				CLANG_WARN_OBJC_ROOT_CLASS = YES_ERROR;
				CLANG_WARN_QUOTED_INCLUDE_IN_FRAMEWORK_HEADER = YES;
				CLANG_WARN_RANGE_LOOP_ANALYSIS = YES;
				CLANG_WARN_STRICT_PROTOTYPES = YES;
				CLANG_WARN_SUSPICIOUS_MOVE = YES;
				CLANG_WARN_UNGUARDED_AVAILABILITY = YES_AGGRESSIVE;
				CLANG_WARN_UNREACHABLE_CODE = YES;
				CLANG_WARN__DUPLICATE_METHOD_MATCH = YES;
				COPY_PHASE_STRIP = NO;
				DEBUG_INFORMATION_FORMAT = "dwarf-with-dsym";
				ENABLE_NS_ASSERTIONS = NO;
				ENABLE_STRICT_OBJC_MSGSEND = YES;
				ENABLE_USER_SCRIPT_SANDBOXING = YES;
				GCC_C_LANGUAGE_STANDARD = gnu17;
				GCC_NO_COMMON_BLOCKS = YES;
				GCC_WARN_64_TO_32_BIT_CONVERSION = YES;
				GCC_WARN_ABOUT_RETURN_TYPE = YES_ERROR;
				GCC_WARN_UNDECLARED_SELECTOR = YES;
				GCC_WARN_UNINITIALIZED_AUTOS = YES_AGGRESSIVE;
				GCC_WARN_UNUSED_FUNCTION = YES;
				GCC_WARN_UNUSED_VARIABLE = YES;
				IPHONEOS_DEPLOYMENT_TARGET = 17.4;
				LOCALIZATION_PREFERS_STRING_CATALOGS = YES;
				MTL_ENABLE_DEBUG_INFO = NO;
				MTL_FAST_MATH = YES;
				SDKROOT = iphoneos;
				SWIFT_COMPILATION_MODE = wholemodule;
				VALIDATE_PRODUCT = YES;
			};
			name = Release;
		};
		01C788022BE8E1250071172E /* Debug */ = {
			isa = XCBuildConfiguration;
			buildSettings = {
				ASSETCATALOG_COMPILER_APPICON_NAME = AppIcon;
				ASSETCATALOG_COMPILER_GLOBAL_ACCENT_COLOR_NAME = AccentColor;
				CODE_SIGN_STYLE = Automatic;
				CURRENT_PROJECT_VERSION = 1;
				DEVELOPMENT_ASSET_PATHS = "\"SwiftUIFurnitureStore/Preview Content\"";
				ENABLE_PREVIEWS = YES;
				GENERATE_INFOPLIST_FILE = YES;
				INFOPLIST_KEY_UIApplicationSceneManifest_Generation = YES;
				INFOPLIST_KEY_UIApplicationSupportsIndirectInputEvents = YES;
				INFOPLIST_KEY_UILaunchScreen_Generation = YES;
				INFOPLIST_KEY_UISupportedInterfaceOrientations_iPad = "UIInterfaceOrientationPortrait UIInterfaceOrientationPortraitUpsideDown UIInterfaceOrientationLandscapeLeft UIInterfaceOrientationLandscapeRight";
				INFOPLIST_KEY_UISupportedInterfaceOrientations_iPhone = "UIInterfaceOrientationPortrait UIInterfaceOrientationLandscapeLeft UIInterfaceOrientationLandscapeRight";
				LD_RUNPATH_SEARCH_PATHS = (
					"$(inherited)",
					"@executable_path/Frameworks",
				);
				MARKETING_VERSION = 1.0;
				PRODUCT_BUNDLE_IDENTIFIER = com.SwiftUIFurnitureStore;
				PRODUCT_NAME = "$(TARGET_NAME)";
				SWIFT_EMIT_LOC_STRINGS = YES;
				SWIFT_VERSION = 5.0;
				TARGETED_DEVICE_FAMILY = "1,2";
			};
			name = Debug;
		};
		01C788032BE8E1250071172E /* Release */ = {
			isa = XCBuildConfiguration;
			buildSettings = {
				ASSETCATALOG_COMPILER_APPICON_NAME = AppIcon;
				ASSETCATALOG_COMPILER_GLOBAL_ACCENT_COLOR_NAME = AccentColor;
				CODE_SIGN_STYLE = Automatic;
				CURRENT_PROJECT_VERSION = 1;
				DEVELOPMENT_ASSET_PATHS = "\"SwiftUIFurnitureStore/Preview Content\"";
				ENABLE_PREVIEWS = YES;
				GENERATE_INFOPLIST_FILE = YES;
				INFOPLIST_KEY_UIApplicationSceneManifest_Generation = YES;
				INFOPLIST_KEY_UIApplicationSupportsIndirectInputEvents = YES;
				INFOPLIST_KEY_UILaunchScreen_Generation = YES;
				INFOPLIST_KEY_UISupportedInterfaceOrientations_iPad = "UIInterfaceOrientationPortrait UIInterfaceOrientationPortraitUpsideDown UIInterfaceOrientationLandscapeLeft UIInterfaceOrientationLandscapeRight";
				INFOPLIST_KEY_UISupportedInterfaceOrientations_iPhone = "UIInterfaceOrientationPortrait UIInterfaceOrientationLandscapeLeft UIInterfaceOrientationLandscapeRight";
				LD_RUNPATH_SEARCH_PATHS = (
					"$(inherited)",
					"@executable_path/Frameworks",
				);
				MARKETING_VERSION = 1.0;
				PRODUCT_BUNDLE_IDENTIFIER = com.SwiftUIFurnitureStore;
				PRODUCT_NAME = "$(TARGET_NAME)";
				SWIFT_EMIT_LOC_STRINGS = YES;
				SWIFT_VERSION = 5.0;
				TARGETED_DEVICE_FAMILY = "1,2";
			};
			name = Release;
		};
/* End XCBuildConfiguration section */

/* Begin XCConfigurationList section */
		01C787EE2BE8E1230071172E /* Build configuration list for PBXProject "SwiftUIFurnitureStore" */ = {
			isa = XCConfigurationList;
			buildConfigurations = (
				01C787FF2BE8E1250071172E /* Debug */,
				01C788002BE8E1250071172E /* Release */,
			);
			defaultConfigurationIsVisible = 0;
			defaultConfigurationName = Release;
		};
		01C788012BE8E1250071172E /* Build configuration list for PBXNativeTarget "SwiftUIFurnitureStore" */ = {
			isa = XCConfigurationList;
			buildConfigurations = (
				01C788022BE8E1250071172E /* Debug */,
				01C788032BE8E1250071172E /* Release */,
			);
			defaultConfigurationIsVisible = 0;
			defaultConfigurationName = Release;
		};
/* End XCConfigurationList section */
	};
	rootObject = 01C787EB2BE8E1230071172E /* Project object */;
}
